{
  "nodes": {
    "nixpkgs": {
      "locked": {
        "lastModified": 1627635545,
        "narHash": "sha256-pDpyekghi+2q4BBgT3BeBVRq63WRRh7pVvmc3NOc8os=",
        "owner": "NixOS",
        "repo": "nixpkgs",
        "rev": "5eb192b1d4807f457c7ce10cef0474b3ce8fc5ee",
        "type": "github"
      },
      "original": {
        "id": "nixpkgs",
        "type": "indirect"
      }
    },
    "root": {
      "inputs": {
        "nixpkgs": "nixpkgs",
        "utils": "utils"
      }
    },
    "utils": {
      "locked": {
        "lastModified": 1623875721,
        "narHash": "sha256-A8BU7bjS5GirpAUv4QA+QnJ4CceLHkcXdRp4xITDB0s=",
        "owner": "numtide",
        "repo": "flake-utils",
        "rev": "f7e004a55b120c02ecb6219596820fcd32ca8772",
        "type": "github"
      },
      "original": {
        "owner": "numtide",
        "repo": "flake-utils",
        "type": "github"
      }
    }
  },
  "root": "root",
  "version": 7
}
